{
  "name": "open-sourcebot",
  "version": "1.0.0",
  "lockfileVersion": 1,
  "requires": true,
  "dependencies": {
    "common-tags": {
      "version": "1.8.0"
    },
    "discord-akairo": {
      "version": "8.1.0"
    },
    "discord.js": {
      "version": "12.5.1",
      "requires": {
        "@discordjs/collection": "^0.1.6",
        "@discordjs/form-data": "^3.0.1",
        "abort-controller": "^3.0.0",
        "node-fetch": "^2.6.1",
        "prism-media": "^1.2.2",
        "setimmediate": "^1.0.5",
        "tweetnacl": "^1.0.3",
        "ws": "^7.3.1"
      },
      "dependencies": {
        "@discordjs/collection": {
          "version": "0.1.6",
          "bundled": true
        },
        "@discordjs/form-data": {
          "version": "3.0.1",
          "bundled": true,
          "requires": {
            "asynckit": "^0.4.0",
            "combined-stream": "^1.0.8",
            "mime-types": "^2.1.12"
          }
        },
        "abort-controller": {
          "version": "3.0.0",
          "bundled": true,
          "requires": {
            "event-target-shim": "^5.0.0"
          }
        },
        "asynckit": {
          "version": "0.4.0",
          "bundled": true
        },
        "combined-stream": {
          "version": "1.0.8",
          "bundled": true,
          "requires": {
            "delayed-stream": "~1.0.0"
          }
        },
        "delayed-stream": {
          "version": "1.0.0",
          "bundled": true
        },
        "event-target-shim": {
          "version": "5.0.1",
          "bundled": true
        },
        "mime-db": {
          "version": "1.44.0",
          "bundled": true
        },
        "mime-types": {
          "version": "2.1.27",
          "bundled": true,
          "requires": {
            "mime-db": "1.44.0"
          }
        },
        "node-fetch": {
          "version": "2.6.1",
          "bundled": true
        },
        "prism-media": {
          "version": "1.2.3",
          "bundled": true
        },
        "setimmediate": {
          "version": "1.0.5",
          "bundled": true
        },
        "tweetnacl": {
          "version": "1.0.3",
          "bundled": true
        },
        "ws": {
          "version": "7.4.1",
          "bundled": true
        }
      }
    },
    "eslint": {
      "version": "5.16.0",
      "dev": true,
      "requires": {
        "@babel/code-frame": "^7.0.0",
        "ajv": "^6.9.1",
        "chalk": "^2.1.0",
        "cross-spawn": "^6.0.5",
        "debug": "^4.0.1",
        "doctrine": "^3.0.0",
        "eslint-scope": "^4.0.3",
        "eslint-utils": "^1.3.1",
        "eslint-visitor-keys": "^1.0.0",
        "espree": "^5.0.1",
        "esquery": "^1.0.1",
        "esutils": "^2.0.2",
        "file-entry-cache": "^5.0.1",
        "functional-red-black-tree": "^1.0.1",
        "glob": "^7.1.2",
        "globals": "^11.7.0",
        "ignore": "^4.0.6",
        "import-fresh": "^3.0.0",
        "imurmurhash": "^0.1.4",
        "inquirer": "^6.2.2",
        "js-yaml": "^3.13.0",
        "json-stable-stringify-without-jsonify": "^1.0.1",
        "levn": "^0.3.0",
        "lodash": "^4.17.11",
        "minimatch": "^3.0.4",
        "mkdirp": "^0.5.1",
        "natural-compare": "^1.4.0",
        "optionator": "^0.8.2",
        "path-is-inside": "^1.0.2",
        "progress": "^2.0.0",
        "regexpp": "^2.0.1",
        "semver": "^5.5.1",
        "strip-ansi": "^4.0.0",
        "strip-json-comments": "^2.0.1",
        "table": "^5.2.3",
        "text-table": "^0.2.0"
      },
      "dependencies": {
        "@babel/code-frame": {
          "version": "7.12.11",
          "bundled": true,
          "dev": true,
          "requires": {
            "@babel/highlight": "^7.10.4"
          }
        },
        "@babel/helper-validator-identifier": {
          "version": "7.12.11",
          "bundled": true,
          "dev": true
        },
        "@babel/highlight": {
          "version": "7.10.4",
          "bundled": true,
          "dev": true,
          "requires": {
            "@babel/helper-validator-identifier": "^7.10.4",
            "chalk": "^2.0.0",
            "js-tokens": "^4.0.0"
          }
        },
        "acorn": {
          "version": "6.4.2",
          "bundled": true,
          "dev": true
        },
        "acorn-jsx": {
          "version": "5.3.1",
          "bundled": true,
          "dev": true
        },
        "ajv": {
          "version": "6.12.6",
          "bundled": true,
          "dev": true,
          "requires": {
            "fast-deep-equal": "^3.1.1",
            "fast-json-stable-stringify": "^2.0.0",
            "json-schema-traverse": "^0.4.1",
            "uri-js": "^4.2.2"
          }
        },
        "ansi-escapes": {
          "version": "3.2.0",
          "bundled": true,
          "dev": true
        },
        "ansi-regex": {
          "version": "3.0.0",
          "bundled": true,
          "dev": true
        },
        "ansi-styles": {
          "version": "3.2.1",
          "bundled": true,
          "dev": true,
          "requires": {
            "color-convert": "^1.9.0"
          }
        },
        "argparse": {
          "version": "1.0.10",
          "bundled": true,
          "dev": true,
          "requires": {
            "sprintf-js": "~1.0.2"
          }
        },
        "astral-regex": {
          "version": "1.0.0",
          "bundled": true,
          "dev": true
        },
        "balanced-match": {
          "version": "1.0.0",
          "bundled": true,
          "dev": true
        },
        "brace-expansion": {
          "version": "1.1.11",
          "bundled": true,
          "dev": true,
          "requires": {
            "balanced-match": "^1.0.0",
            "concat-map": "0.0.1"
          }
        },
        "callsites": {
          "version": "3.1.0",
          "bundled": true,
          "dev": true
        },
        "chalk": {
          "version": "2.4.2",
          "bundled": true,
          "dev": true,
          "requires": {
            "ansi-styles": "^3.2.1",
            "escape-string-regexp": "^1.0.5",
            "supports-color": "^5.3.0"
          }
        },
        "chardet": {
          "version": "0.7.0",
          "bundled": true,
          "dev": true
        },
        "cli-cursor": {
          "version": "2.1.0",
          "bundled": true,
          "dev": true,
          "requires": {
            "restore-cursor": "^2.0.0"
          }
        },
        "cli-width": {
          "version": "2.2.1",
          "bundled": true,
          "dev": true
        },
        "color-convert": {
          "version": "1.9.3",
          "bundled": true,
          "dev": true,
          "requires": {
            "color-name": "1.1.3"
          }
        },
        "color-name": {
          "version": "1.1.3",
          "bundled": true,
          "dev": true
        },
        "concat-map": {
          "version": "0.0.1",
          "bundled": true,
          "dev": true
        },
        "cross-spawn": {
          "version": "6.0.5",
          "bundled": true,
          "dev": true,
          "requires": {
            "nice-try": "^1.0.4",
            "path-key": "^2.0.1",
            "semver": "^5.5.0",
            "shebang-command": "^1.2.0",
            "which": "^1.2.9"
          }
        },
        "debug": {
          "version": "4.3.1",
          "bundled": true,
          "dev": true,
          "requires": {
            "ms": "2.1.2"
          }
        },
        "deep-is": {
          "version": "0.1.3",
          "bundled": true,
          "dev": true
        },
        "doctrine": {
          "version": "3.0.0",
          "bundled": true,
          "dev": true,
          "requires": {
            "esutils": "^2.0.2"
          }
        },
        "emoji-regex": {
          "version": "7.0.3",
          "bundled": true,
          "dev": true
        },
        "escape-string-regexp": {
          "version": "1.0.5",
          "bundled": true,
          "dev": true
        },
        "eslint-scope": {
          "version": "4.0.3",
          "bundled": true,
          "dev": true,
          "requires": {
            "esrecurse": "^4.1.0",
            "estraverse": "^4.1.1"
          }
        },
        "eslint-utils": {
          "version": "1.4.3",
          "bundled": true,
          "dev": true,
          "requires": {
            "eslint-visitor-keys": "^1.1.0"
          }
        },
        "eslint-visitor-keys": {
          "version": "1.3.0",
          "bundled": true,
          "dev": true
        },
        "espree": {
          "version": "5.0.1",
          "bundled": true,
          "dev": true,
          "requires": {
            "acorn": "^6.0.7",
            "acorn-jsx": "^5.0.0",
            "eslint-visitor-keys": "^1.0.0"
          }
        },
        "esprima": {
          "version": "4.0.1",
          "bundled": true,
          "dev": true
        },
        "esquery": {
          "version": "1.3.1",
          "bundled": true,
          "dev": true,
          "requires": {
            "estraverse": "^5.1.0"
          },
          "dependencies": {
            "estraverse": {
              "version": "5.2.0",
              "bundled": true,
              "dev": true
            }
          }
        },
        "esrecurse": {
          "version": "4.3.0",
          "bundled": true,
          "dev": true,
          "requires": {
            "estraverse": "^5.2.0"
          },
          "dependencies": {
            "estraverse": {
              "version": "5.2.0",
              "bundled": true,
              "dev": true
            }
          }
        },
        "estraverse": {
          "version": "4.3.0",
          "bundled": true,
          "dev": true
        },
        "esutils": {
          "version": "2.0.3",
          "bundled": true,
          "dev": true
        },
        "external-editor": {
          "version": "3.1.0",
          "bundled": true,
          "dev": true,
          "requires": {
            "chardet": "^0.7.0",
            "iconv-lite": "^0.4.24",
            "tmp": "^0.0.33"
          }
        },
        "fast-deep-equal": {
          "version": "3.1.3",
          "bundled": true,
          "dev": true
        },
        "fast-json-stable-stringify": {
          "version": "2.1.0",
          "bundled": true,
          "dev": true
        },
        "fast-levenshtein": {
          "version": "2.0.6",
          "bundled": true,
          "dev": true
        },
        "figures": {
          "version": "2.0.0",
          "bundled": true,
          "dev": true,
          "requires": {
            "escape-string-regexp": "^1.0.5"
          }
        },
        "file-entry-cache": {
          "version": "5.0.1",
          "bundled": true,
          "dev": true,
          "requires": {
            "flat-cache": "^2.0.1"
          }
        },
        "flat-cache": {
          "version": "2.0.1",
          "bundled": true,
          "dev": true,
          "requires": {
            "flatted": "^2.0.0",
            "rimraf": "2.6.3",
            "write": "1.0.3"
          }
        },
        "flatted": {
          "version": "2.0.2",
          "bundled": true,
          "dev": true
        },
        "fs.realpath": {
          "version": "1.0.0",
          "bundled": true,
          "dev": true
        },
        "functional-red-black-tree": {
          "version": "1.0.1",
          "bundled": true,
          "dev": true
        },
        "glob": {
          "version": "7.1.6",
          "bundled": true,
          "dev": true,
          "requires": {
            "fs.realpath": "^1.0.0",
            "inflight": "^1.0.4",
            "inherits": "2",
            "minimatch": "^3.0.4",
            "once": "^1.3.0",
            "path-is-absolute": "^1.0.0"
          }
        },
        "globals": {
          "version": "11.12.0",
          "bundled": true,
          "dev": true
        },
        "has-flag": {
          "version": "3.0.0",
          "bundled": true,
          "dev": true
        },
        "iconv-lite": {
          "version": "0.4.24",
          "bundled": true,
          "dev": true,
          "requires": {
            "safer-buffer": ">= 2.1.2 < 3"
          }
        },
        "ignore": {
          "version": "4.0.6",
          "bundled": true,
          "dev": true
        },
        "import-fresh": {
          "version": "3.2.2",
          "bundled": true,
          "dev": true,
          "requires": {
            "parent-module": "^1.0.0",
            "resolve-from": "^4.0.0"
          }
        },
        "imurmurhash": {
          "version": "0.1.4",
          "bundled": true,
          "dev": true
        },
        "inflight": {
          "version": "1.0.6",
          "bundled": true,
          "dev": true,
          "requires": {
            "once": "^1.3.0",
            "wrappy": "1"
          }
        },
        "inherits": {
          "version": "2.0.4",
          "bundled": true,
          "dev": true
        },
        "inquirer": {
          "version": "6.5.2",
          "bundled": true,
          "dev": true,
          "requires": {
            "ansi-escapes": "^3.2.0",
            "chalk": "^2.4.2",
            "cli-cursor": "^2.1.0",
            "cli-width": "^2.0.0",
            "external-editor": "^3.0.3",
            "figures": "^2.0.0",
            "lodash": "^4.17.12",
            "mute-stream": "0.0.7",
            "run-async": "^2.2.0",
            "rxjs": "^6.4.0",
            "string-width": "^2.1.0",
            "strip-ansi": "^5.1.0",
            "through": "^2.3.6"
          },
          "dependencies": {
            "ansi-regex": {
              "version": "4.1.0",
              "bundled": true,
              "dev": true
            },
            "strip-ansi": {
              "version": "5.2.0",
              "bundled": true,
              "dev": true,
              "requires": {
                "ansi-regex": "^4.1.0"
              }
            }
          }
        },
        "is-fullwidth-code-point": {
          "version": "2.0.0",
          "bundled": true,
          "dev": true
        },
        "isexe": {
          "version": "2.0.0",
          "bundled": true,
          "dev": true
        },
        "js-tokens": {
          "version": "4.0.0",
          "bundled": true,
          "dev": true
        },
        "js-yaml": {
          "version": "3.14.1",
          "bundled": true,
          "dev": true,
          "requires": {
            "argparse": "^1.0.7",
            "esprima": "^4.0.0"
          }
        },
        "json-schema-traverse": {
          "version": "0.4.1",
          "bundled": true,
          "dev": true
        },
        "json-stable-stringify-without-jsonify": {
          "version": "1.0.1",
          "bundled": true,
          "dev": true
        },
        "levn": {
          "version": "0.3.0",
          "bundled": true,
          "dev": true,
          "requires": {
            "prelude-ls": "~1.1.2",
            "type-check": "~0.3.2"
          }
        },
        "lodash": {
          "version": "4.17.20",
          "bundled": true,
          "dev": true
        },
        "mimic-fn": {
          "version": "1.2.0",
          "bundled": true,
          "dev": true
        },
        "minimatch": {
          "version": "3.0.4",
          "bundled": true,
          "dev": true,
          "requires": {
            "brace-expansion": "^1.1.7"
          }
        },
        "minimist": {
          "version": "1.2.5",
          "bundled": true,
          "dev": true
        },
        "mkdirp": {
          "version": "0.5.5",
          "bundled": true,
          "dev": true,
          "requires": {
            "minimist": "^1.2.5"
          }
        },
        "ms": {
          "version": "2.1.2",
          "bundled": true,
          "dev": true
        },
        "mute-stream": {
          "version": "0.0.7",
          "bundled": true,
          "dev": true
        },
        "natural-compare": {
          "version": "1.4.0",
          "bundled": true,
          "dev": true
        },
        "nice-try": {
          "version": "1.0.5",
          "bundled": true,
          "dev": true
        },
        "once": {
          "version": "1.4.0",
          "bundled": true,
          "dev": true,
          "requires": {
            "wrappy": "1"
          }
        },
        "onetime": {
          "version": "2.0.1",
          "bundled": true,
          "dev": true,
          "requires": {
            "mimic-fn": "^1.0.0"
          }
        },
        "optionator": {
          "version": "0.8.3",
          "bundled": true,
          "dev": true,
          "requires": {
            "deep-is": "~0.1.3",
            "fast-levenshtein": "~2.0.6",
            "levn": "~0.3.0",
            "prelude-ls": "~1.1.2",
            "type-check": "~0.3.2",
            "word-wrap": "~1.2.3"
          }
        },
        "os-tmpdir": {
          "version": "1.0.2",
          "bundled": true,
          "dev": true
        },
        "parent-module": {
          "version": "1.0.1",
          "bundled": true,
          "dev": true,
          "requires": {
            "callsites": "^3.0.0"
          }
        },
        "path-is-absolute": {
          "version": "1.0.1",
          "bundled": true,
          "dev": true
        },
        "path-is-inside": {
          "version": "1.0.2",
          "bundled": true,
          "dev": true
        },
        "path-key": {
          "version": "2.0.1",
          "bundled": true,
          "dev": true
        },
        "prelude-ls": {
          "version": "1.1.2",
          "bundled": true,
          "dev": true
        },
        "progress": {
          "version": "2.0.3",
          "bundled": true,
          "dev": true
        },
        "punycode": {
          "version": "2.1.1",
          "bundled": true,
          "dev": true
        },
        "regexpp": {
          "version": "2.0.1",
          "bundled": true,
          "dev": true
        },
        "resolve-from": {
          "version": "4.0.0",
          "bundled": true,
          "dev": true
        },
        "restore-cursor": {
          "version": "2.0.0",
          "bundled": true,
          "dev": true,
          "requires": {
            "onetime": "^2.0.0",
            "signal-exit": "^3.0.2"
          }
        },
        "rimraf": {
          "version": "2.6.3",
          "bundled": true,
          "dev": true,
          "requires": {
            "glob": "^7.1.3"
          }
        },
        "run-async": {
          "version": "2.4.1",
          "bundled": true,
          "dev": true
        },
        "rxjs": {
          "version": "6.6.3",
          "bundled": true,
          "dev": true,
          "requires": {
            "tslib": "^1.9.0"
          }
        },
        "safer-buffer": {
          "version": "2.1.2",
          "bundled": true,
          "dev": true
        },
        "semver": {
          "version": "5.7.1",
          "bundled": true,
          "dev": true
        },
        "shebang-command": {
          "version": "1.2.0",
          "bundled": true,
          "dev": true,
          "requires": {
            "shebang-regex": "^1.0.0"
          }
        },
        "shebang-regex": {
          "version": "1.0.0",
          "bundled": true,
          "dev": true
        },
        "signal-exit": {
          "version": "3.0.3",
          "bundled": true,
          "dev": true
        },
        "slice-ansi": {
          "version": "2.1.0",
          "bundled": true,
          "dev": true,
          "requires": {
            "ansi-styles": "^3.2.0",
            "astral-regex": "^1.0.0",
            "is-fullwidth-code-point": "^2.0.0"
          }
        },
        "sprintf-js": {
          "version": "1.0.3",
          "bundled": true,
          "dev": true
        },
        "string-width": {
          "version": "2.1.1",
          "bundled": true,
          "dev": true,
          "requires": {
            "is-fullwidth-code-point": "^2.0.0",
            "strip-ansi": "^4.0.0"
          }
        },
        "strip-ansi": {
          "version": "4.0.0",
          "bundled": true,
          "dev": true,
          "requires": {
            "ansi-regex": "^3.0.0"
          }
        },
        "strip-json-comments": {
          "version": "2.0.1",
          "bundled": true,
          "dev": true
        },
        "supports-color": {
          "version": "5.5.0",
          "bundled": true,
          "dev": true,
          "requires": {
            "has-flag": "^3.0.0"
          }
        },
        "table": {
          "version": "5.4.6",
          "bundled": true,
          "dev": true,
          "requires": {
            "ajv": "^6.10.2",
            "lodash": "^4.17.14",
            "slice-ansi": "^2.1.0",
            "string-width": "^3.0.0"
          },
          "dependencies": {
            "ansi-regex": {
              "version": "4.1.0",
              "bundled": true,
              "dev": true
            },
            "string-width": {
              "version": "3.1.0",
              "bundled": true,
              "dev": true,
              "requires": {
                "emoji-regex": "^7.0.1",
                "is-fullwidth-code-point": "^2.0.0",
                "strip-ansi": "^5.1.0"
              }
            },
            "strip-ansi": {
              "version": "5.2.0",
              "bundled": true,
              "dev": true,
              "requires": {
                "ansi-regex": "^4.1.0"
              }
            }
          }
        },
        "text-table": {
          "version": "0.2.0",
          "bundled": true,
          "dev": true
        },
        "through": {
          "version": "2.3.8",
          "bundled": true,
          "dev": true
        },
        "tmp": {
          "version": "0.0.33",
          "bundled": true,
          "dev": true,
          "requires": {
            "os-tmpdir": "~1.0.2"
          }
        },
        "tslib": {
          "version": "1.14.1",
          "bundled": true,
          "dev": true
        },
        "type-check": {
          "version": "0.3.2",
          "bundled": true,
          "dev": true,
          "requires": {
            "prelude-ls": "~1.1.2"
          }
        },
        "uri-js": {
          "version": "4.4.0",
          "bundled": true,
          "dev": true,
          "requires": {
            "punycode": "^2.1.0"
          }
        },
        "which": {
          "version": "1.3.1",
          "bundled": true,
          "dev": true,
          "requires": {
            "isexe": "^2.0.0"
          }
        },
        "word-wrap": {
          "version": "1.2.3",
          "bundled": true,
          "dev": true
        },
        "wrappy": {
          "version": "1.0.2",
          "bundled": true,
          "dev": true
        },
        "write": {
          "version": "1.0.3",
          "bundled": true,
          "dev": true,
          "requires": {
            "mkdirp": "^0.5.1"
          }
        }
      }
    },
    "eslint-config-airbnb-base": {
      "version": "13.2.0",
      "dev": true,
      "requires": {
        "confusing-browser-globals": "^1.0.5",
        "object.assign": "^4.1.0",
        "object.entries": "^1.1.0"
      },
      "dependencies": {
        "call-bind": {
          "version": "1.0.0",
          "bundled": true,
          "dev": true,
          "requires": {
            "function-bind": "^1.1.1",
            "get-intrinsic": "^1.0.0"
          }
        },
        "confusing-browser-globals": {
          "version": "1.0.10",
          "bundled": true,
          "dev": true
        },
        "define-properties": {
          "version": "1.1.3",
          "bundled": true,
          "dev": true,
          "requires": {
            "object-keys": "^1.0.12"
          }
        },
        "es-abstract": {
          "version": "1.18.0-next.1",
          "bundled": true,
          "dev": true,
          "requires": {
            "es-to-primitive": "^1.2.1",
            "function-bind": "^1.1.1",
            "has": "^1.0.3",
            "has-symbols": "^1.0.1",
            "is-callable": "^1.2.2",
            "is-negative-zero": "^2.0.0",
            "is-regex": "^1.1.1",
            "object-inspect": "^1.8.0",
            "object-keys": "^1.1.1",
            "object.assign": "^4.1.1",
            "string.prototype.trimend": "^1.0.1",
            "string.prototype.trimstart": "^1.0.1"
          }
        },
        "es-to-primitive": {
          "version": "1.2.1",
          "bundled": true,
          "dev": true,
          "requires": {
            "is-callable": "^1.1.4",
            "is-date-object": "^1.0.1",
            "is-symbol": "^1.0.2"
          }
        },
        "function-bind": {
          "version": "1.1.1",
          "bundled": true,
          "dev": true
        },
        "get-intrinsic": {
          "version": "1.0.1",
          "bundled": true,
          "dev": true,
          "requires": {
            "function-bind": "^1.1.1",
            "has": "^1.0.3",
            "has-symbols": "^1.0.1"
          }
        },
        "has": {
          "version": "1.0.3",
          "bundled": true,
          "dev": true,
          "requires": {
            "function-bind": "^1.1.1"
          }
        },
        "has-symbols": {
          "version": "1.0.1",
          "bundled": true,
          "dev": true
        },
        "is-callable": {
          "version": "1.2.2",
          "bundled": true,
          "dev": true
        },
        "is-date-object": {
          "version": "1.0.2",
          "bundled": true,
          "dev": true
        },
        "is-negative-zero": {
          "version": "2.0.1",
          "bundled": true,
          "dev": true
        },
        "is-regex": {
          "version": "1.1.1",
          "bundled": true,
          "dev": true,
          "requires": {
            "has-symbols": "^1.0.1"
          }
        },
        "is-symbol": {
          "version": "1.0.3",
          "bundled": true,
          "dev": true,
          "requires": {
            "has-symbols": "^1.0.1"
          }
        },
        "object-inspect": {
          "version": "1.9.0",
          "bundled": true,
          "dev": true
        },
        "object-keys": {
          "version": "1.1.1",
          "bundled": true,
          "dev": true
        },
        "object.assign": {
          "version": "4.1.2",
          "bundled": true,
          "dev": true,
          "requires": {
            "call-bind": "^1.0.0",
            "define-properties": "^1.1.3",
            "has-symbols": "^1.0.1",
            "object-keys": "^1.1.1"
          }
        },
        "object.entries": {
          "version": "1.1.3",
          "bundled": true,
          "dev": true,
          "requires": {
            "call-bind": "^1.0.0",
            "define-properties": "^1.1.3",
            "es-abstract": "^1.18.0-next.1",
            "has": "^1.0.3"
          }
        },
        "string.prototype.trimend": {
          "version": "1.0.3",
          "bundled": true,
          "dev": true,
          "requires": {
            "call-bind": "^1.0.0",
            "define-properties": "^1.1.3"
          }
        },
        "string.prototype.trimstart": {
          "version": "1.0.3",
          "bundled": true,
          "dev": true,
          "requires": {
            "call-bind": "^1.0.0",
            "define-properties": "^1.1.3"
          }
        }
      }
    },
    "eslint-config-prettier": {
      "version": "6.11.0",
      "dev": true,
      "requires": {
        "get-stdin": "^6.0.0"
      },
      "dependencies": {
        "get-stdin": {
          "version": "6.0.0",
          "bundled": true,
          "dev": true
        }
      }
    },
    "eslint-plugin-eslint-comments": {
      "version": "3.2.0",
      "dev": true,
      "requires": {
        "escape-string-regexp": "^1.0.5",
        "ignore": "^5.0.5"
      },
      "dependencies": {
        "escape-string-regexp": {
          "version": "1.0.5",
          "bundled": true,
          "dev": true
        },
        "ignore": {
          "version": "5.1.8",
          "bundled": true,
          "dev": true
        }
      }
    },
    "eslint-plugin-import": {
      "version": "2.22.0",
      "dev": true,
      "requires": {
        "array-includes": "^3.1.1",
        "array.prototype.flat": "^1.2.3",
        "contains-path": "^0.1.0",
        "debug": "^2.6.9",
        "doctrine": "1.5.0",
        "eslint-import-resolver-node": "^0.3.3",
        "eslint-module-utils": "^2.6.0",
        "has": "^1.0.3",
        "minimatch": "^3.0.4",
        "object.values": "^1.1.1",
        "read-pkg-up": "^2.0.0",
        "resolve": "^1.17.0",
        "tsconfig-paths": "^3.9.0"
      },
      "dependencies": {
        "@types/json5": {
          "version": "0.0.29",
          "bundled": true,
          "dev": true
        },
        "array-includes": {
          "version": "3.1.2",
          "bundled": true,
          "dev": true,
          "requires": {
            "call-bind": "^1.0.0",
            "define-properties": "^1.1.3",
            "es-abstract": "^1.18.0-next.1",
            "get-intrinsic": "^1.0.1",
            "is-string": "^1.0.5"
          }
        },
        "array.prototype.flat": {
          "version": "1.2.4",
          "bundled": true,
          "dev": true,
          "requires": {
            "call-bind": "^1.0.0",
            "define-properties": "^1.1.3",
            "es-abstract": "^1.18.0-next.1"
          }
        },
        "balanced-match": {
          "version": "1.0.0",
          "bundled": true,
          "dev": true
        },
        "brace-expansion": {
          "version": "1.1.11",
          "bundled": true,
          "dev": true,
          "requires": {
            "balanced-match": "^1.0.0",
            "concat-map": "0.0.1"
          }
        },
        "call-bind": {
          "version": "1.0.0",
          "bundled": true,
          "dev": true,
          "requires": {
            "function-bind": "^1.1.1",
            "get-intrinsic": "^1.0.0"
          }
        },
        "concat-map": {
          "version": "0.0.1",
          "bundled": true,
          "dev": true
        },
        "contains-path": {
          "version": "0.1.0",
          "bundled": true,
          "dev": true
        },
        "debug": {
          "version": "2.6.9",
          "bundled": true,
          "dev": true,
          "requires": {
            "ms": "2.0.0"
          }
        },
        "define-properties": {
          "version": "1.1.3",
          "bundled": true,
          "dev": true,
          "requires": {
            "object-keys": "^1.0.12"
          }
        },
        "doctrine": {
          "version": "1.5.0",
          "bundled": true,
          "dev": true,
          "requires": {
            "esutils": "^2.0.2",
            "isarray": "^1.0.0"
          }
        },
        "error-ex": {
          "version": "1.3.2",
          "bundled": true,
          "dev": true,
          "requires": {
            "is-arrayish": "^0.2.1"
          }
        },
        "es-abstract": {
          "version": "1.18.0-next.1",
          "bundled": true,
          "dev": true,
          "requires": {
            "es-to-primitive": "^1.2.1",
            "function-bind": "^1.1.1",
            "has": "^1.0.3",
            "has-symbols": "^1.0.1",
            "is-callable": "^1.2.2",
            "is-negative-zero": "^2.0.0",
            "is-regex": "^1.1.1",
            "object-inspect": "^1.8.0",
            "object-keys": "^1.1.1",
            "object.assign": "^4.1.1",
            "string.prototype.trimend": "^1.0.1",
            "string.prototype.trimstart": "^1.0.1"
          }
        },
        "es-to-primitive": {
          "version": "1.2.1",
          "bundled": true,
          "dev": true,
          "requires": {
            "is-callable": "^1.1.4",
            "is-date-object": "^1.0.1",
            "is-symbol": "^1.0.2"
          }
        },
        "eslint-import-resolver-node": {
          "version": "0.3.4",
          "bundled": true,
          "dev": true,
          "requires": {
            "debug": "^2.6.9",
            "resolve": "^1.13.1"
          }
        },
        "eslint-module-utils": {
          "version": "2.6.0",
          "bundled": true,
          "dev": true,
          "requires": {
            "debug": "^2.6.9",
            "pkg-dir": "^2.0.0"
          }
        },
        "esutils": {
          "version": "2.0.3",
          "bundled": true,
          "dev": true
        },
        "find-up": {
          "version": "2.1.0",
          "bundled": true,
          "dev": true,
          "requires": {
            "locate-path": "^2.0.0"
          }
        },
        "function-bind": {
          "version": "1.1.1",
          "bundled": true,
          "dev": true
        },
        "get-intrinsic": {
          "version": "1.0.1",
          "bundled": true,
          "dev": true,
          "requires": {
            "function-bind": "^1.1.1",
            "has": "^1.0.3",
            "has-symbols": "^1.0.1"
          }
        },
        "graceful-fs": {
          "version": "4.2.4",
          "bundled": true,
          "dev": true
        },
        "has": {
          "version": "1.0.3",
          "bundled": true,
          "dev": true,
          "requires": {
            "function-bind": "^1.1.1"
          }
        },
        "has-symbols": {
          "version": "1.0.1",
          "bundled": true,
          "dev": true
        },
        "hosted-git-info": {
          "version": "2.8.8",
          "bundled": true,
          "dev": true
        },
        "is-arrayish": {
          "version": "0.2.1",
          "bundled": true,
          "dev": true
        },
        "is-callable": {
          "version": "1.2.2",
          "bundled": true,
          "dev": true
        },
        "is-core-module": {
          "version": "2.2.0",
          "bundled": true,
          "dev": true,
          "requires": {
            "has": "^1.0.3"
          }
        },
        "is-date-object": {
          "version": "1.0.2",
          "bundled": true,
          "dev": true
        },
        "is-negative-zero": {
          "version": "2.0.1",
          "bundled": true,
          "dev": true
        },
        "is-regex": {
          "version": "1.1.1",
          "bundled": true,
          "dev": true,
          "requires": {
            "has-symbols": "^1.0.1"
          }
        },
        "is-string": {
          "version": "1.0.5",
          "bundled": true,
          "dev": true
        },
        "is-symbol": {
          "version": "1.0.3",
          "bundled": true,
          "dev": true,
          "requires": {
            "has-symbols": "^1.0.1"
          }
        },
        "isarray": {
          "version": "1.0.0",
          "bundled": true,
          "dev": true
        },
        "json5": {
          "version": "1.0.1",
          "bundled": true,
          "dev": true,
          "requires": {
            "minimist": "^1.2.0"
          }
        },
        "load-json-file": {
          "version": "2.0.0",
          "bundled": true,
          "dev": true,
          "requires": {
            "graceful-fs": "^4.1.2",
            "parse-json": "^2.2.0",
            "pify": "^2.0.0",
            "strip-bom": "^3.0.0"
          }
        },
        "locate-path": {
          "version": "2.0.0",
          "bundled": true,
          "dev": true,
          "requires": {
            "p-locate": "^2.0.0",
            "path-exists": "^3.0.0"
          }
        },
        "minimatch": {
          "version": "3.0.4",
          "bundled": true,
          "dev": true,
          "requires": {
            "brace-expansion": "^1.1.7"
          }
        },
        "minimist": {
          "version": "1.2.5",
          "bundled": true,
          "dev": true
        },
        "ms": {
          "version": "2.0.0",
          "bundled": true,
          "dev": true
        },
        "normalize-package-data": {
          "version": "2.5.0",
          "bundled": true,
          "dev": true,
          "requires": {
            "hosted-git-info": "^2.1.4",
            "resolve": "^1.10.0",
            "semver": "2 || 3 || 4 || 5",
            "validate-npm-package-license": "^3.0.1"
          }
        },
        "object-inspect": {
          "version": "1.9.0",
          "bundled": true,
          "dev": true
        },
        "object-keys": {
          "version": "1.1.1",
          "bundled": true,
          "dev": true
        },
        "object.assign": {
          "version": "4.1.2",
          "bundled": true,
          "dev": true,
          "requires": {
            "call-bind": "^1.0.0",
            "define-properties": "^1.1.3",
            "has-symbols": "^1.0.1",
            "object-keys": "^1.1.1"
          }
        },
        "object.values": {
          "version": "1.1.2",
          "bundled": true,
          "dev": true,
          "requires": {
            "call-bind": "^1.0.0",
            "define-properties": "^1.1.3",
            "es-abstract": "^1.18.0-next.1",
            "has": "^1.0.3"
          }
        },
        "p-limit": {
          "version": "1.3.0",
          "bundled": true,
          "dev": true,
          "requires": {
            "p-try": "^1.0.0"
          }
        },
        "p-locate": {
          "version": "2.0.0",
          "bundled": true,
          "dev": true,
          "requires": {
            "p-limit": "^1.1.0"
          }
        },
        "p-try": {
          "version": "1.0.0",
          "bundled": true,
          "dev": true
        },
        "parse-json": {
          "version": "2.2.0",
          "bundled": true,
          "dev": true,
          "requires": {
            "error-ex": "^1.2.0"
          }
        },
        "path-exists": {
          "version": "3.0.0",
          "bundled": true,
          "dev": true
        },
        "path-parse": {
          "version": "1.0.6",
          "bundled": true,
          "dev": true
        },
        "path-type": {
          "version": "2.0.0",
          "bundled": true,
          "dev": true,
          "requires": {
            "pify": "^2.0.0"
          }
        },
        "pify": {
          "version": "2.3.0",
          "bundled": true,
          "dev": true
        },
        "pkg-dir": {
          "version": "2.0.0",
          "bundled": true,
          "dev": true,
          "requires": {
            "find-up": "^2.1.0"
          }
        },
        "read-pkg": {
          "version": "2.0.0",
          "bundled": true,
          "dev": true,
          "requires": {
            "load-json-file": "^2.0.0",
            "normalize-package-data": "^2.3.2",
            "path-type": "^2.0.0"
          }
        },
        "read-pkg-up": {
          "version": "2.0.0",
          "bundled": true,
          "dev": true,
          "requires": {
            "find-up": "^2.0.0",
            "read-pkg": "^2.0.0"
          }
        },
        "resolve": {
          "version": "1.19.0",
          "bundled": true,
          "dev": true,
          "requires": {
            "is-core-module": "^2.1.0",
            "path-parse": "^1.0.6"
          }
        },
        "semver": {
          "version": "5.7.1",
          "bundled": true,
          "dev": true
        },
        "spdx-correct": {
          "version": "3.1.1",
          "bundled": true,
          "dev": true,
          "requires": {
            "spdx-expression-parse": "^3.0.0",
            "spdx-license-ids": "^3.0.0"
          }
        },
        "spdx-exceptions": {
          "version": "2.3.0",
          "bundled": true,
          "dev": true
        },
        "spdx-expression-parse": {
          "version": "3.0.1",
          "bundled": true,
          "dev": true,
          "requires": {
            "spdx-exceptions": "^2.1.0",
            "spdx-license-ids": "^3.0.0"
          }
        },
        "spdx-license-ids": {
          "version": "3.0.7",
          "bundled": true,
          "dev": true
        },
        "string.prototype.trimend": {
          "version": "1.0.3",
          "bundled": true,
          "dev": true,
          "requires": {
            "call-bind": "^1.0.0",
            "define-properties": "^1.1.3"
          }
        },
        "string.prototype.trimstart": {
          "version": "1.0.3",
          "bundled": true,
          "dev": true,
          "requires": {
            "call-bind": "^1.0.0",
            "define-properties": "^1.1.3"
          }
        },
        "strip-bom": {
          "version": "3.0.0",
          "bundled": true,
          "dev": true
        },
        "tsconfig-paths": {
          "version": "3.9.0",
          "bundled": true,
          "dev": true,
          "requires": {
            "@types/json5": "^0.0.29",
            "json5": "^1.0.1",
            "minimist": "^1.2.0",
            "strip-bom": "^3.0.0"
          }
        },
        "validate-npm-package-license": {
          "version": "3.0.4",
          "bundled": true,
          "dev": true,
          "requires": {
            "spdx-correct": "^3.0.0",
            "spdx-expression-parse": "^3.0.0"
          }
        }
      }
    },
    "eslint-plugin-jsdoc": {
      "version": "7.2.3",
      "dev": true,
      "requires": {
        "comment-parser": "^0.5.4",
        "jsdoctypeparser": "3.1.0",
        "lodash": "^4.17.11"
      },
      "dependencies": {
        "comment-parser": {
          "version": "0.5.5",
          "bundled": true,
          "dev": true
        },
        "jsdoctypeparser": {
          "version": "3.1.0",
          "bundled": true,
          "dev": true
        },
        "lodash": {
          "version": "4.17.20",
          "bundled": true,
          "dev": true
        }
      }
    },
    "eslint-plugin-prettier": {
      "version": "3.1.4",
      "dev": true,
      "requires": {
        "prettier-linter-helpers": "^1.0.0"
      },
      "dependencies": {
        "fast-diff": {
          "version": "1.2.0",
          "bundled": true,
          "dev": true
        },
        "prettier-linter-helpers": {
          "version": "1.0.0",
          "bundled": true,
          "dev": true,
          "requires": {
            "fast-diff": "^1.1.2"
          }
        }
      }
    },
    "got": {
      "version": "11.8.1",
      "requires": {
        "@sindresorhus/is": "^4.0.0",
        "@szmarczak/http-timer": "^4.0.5",
        "@types/cacheable-request": "^6.0.1",
        "@types/responselike": "^1.0.0",
        "cacheable-lookup": "^5.0.3",
        "cacheable-request": "^7.0.1",
        "decompress-response": "^6.0.0",
        "http2-wrapper": "^1.0.0-beta.5.2",
        "lowercase-keys": "^2.0.0",
        "p-cancelable": "^2.0.0",
        "responselike": "^2.0.0"
      },
      "dependencies": {
        "@sindresorhus/is": {
          "version": "4.0.0",
          "bundled": true
        },
        "@szmarczak/http-timer": {
          "version": "4.0.5",
          "bundled": true,
          "requires": {
            "defer-to-connect": "^2.0.0"
          }
        },
        "@types/cacheable-request": {
          "version": "6.0.1",
          "bundled": true,
          "requires": {
            "@types/http-cache-semantics": "*",
            "@types/keyv": "*",
            "@types/node": "*",
            "@types/responselike": "*"
          }
        },
        "@types/http-cache-semantics": {
          "version": "4.0.0",
          "bundled": true
        },
        "@types/keyv": {
          "version": "3.1.1",
          "bundled": true,
          "requires": {
            "@types/node": "*"
          }
        },
        "@types/node": {
          "version": "14.14.14",
          "bundled": true
        },
        "@types/responselike": {
          "version": "1.0.0",
          "bundled": true,
          "requires": {
            "@types/node": "*"
          }
        },
        "cacheable-lookup": {
          "version": "5.0.4",
          "bundled": true
        },
        "cacheable-request": {
          "version": "7.0.1",
          "bundled": true,
          "requires": {
            "clone-response": "^1.0.2",
            "get-stream": "^5.1.0",
            "http-cache-semantics": "^4.0.0",
            "keyv": "^4.0.0",
            "lowercase-keys": "^2.0.0",
            "normalize-url": "^4.1.0",
            "responselike": "^2.0.0"
          }
        },
        "clone-response": {
          "version": "1.0.2",
          "bundled": true,
          "requires": {
            "mimic-response": "^1.0.0"
          }
        },
        "decompress-response": {
          "version": "6.0.0",
          "bundled": true,
          "requires": {
            "mimic-response": "^3.1.0"
          },
          "dependencies": {
            "mimic-response": {
              "version": "3.1.0",
              "bundled": true
            }
          }
        },
        "defer-to-connect": {
          "version": "2.0.0",
          "bundled": true
        },
        "end-of-stream": {
          "version": "1.4.4",
          "bundled": true,
          "requires": {
            "once": "^1.4.0"
          }
        },
        "get-stream": {
          "version": "5.2.0",
          "bundled": true,
          "requires": {
            "pump": "^3.0.0"
          }
        },
        "http-cache-semantics": {
          "version": "4.1.0",
          "bundled": true
        },
        "http2-wrapper": {
          "version": "1.0.0-beta.5.2",
          "bundled": true,
          "requires": {
            "quick-lru": "^5.1.1",
            "resolve-alpn": "^1.0.0"
          }
        },
        "json-buffer": {
          "version": "3.0.1",
          "bundled": true
        },
        "keyv": {
          "version": "4.0.3",
          "bundled": true,
          "requires": {
            "json-buffer": "3.0.1"
          }
        },
        "lowercase-keys": {
          "version": "2.0.0",
          "bundled": true
        },
        "mimic-response": {
          "version": "1.0.1",
          "bundled": true
        },
        "normalize-url": {
          "version": "4.5.0",
          "bundled": true
        },
        "once": {
          "version": "1.4.0",
          "bundled": true,
          "requires": {
            "wrappy": "1"
          }
        },
        "p-cancelable": {
          "version": "2.0.0",
          "bundled": true
        },
        "pump": {
          "version": "3.0.0",
          "bundled": true,
          "requires": {
            "end-of-stream": "^1.1.0",
            "once": "^1.3.1"
          }
        },
        "quick-lru": {
          "version": "5.1.1",
          "bundled": true
        },
        "resolve-alpn": {
          "version": "1.0.0",
          "bundled": true
        },
        "responselike": {
          "version": "2.0.0",
          "bundled": true,
          "requires": {
            "lowercase-keys": "^2.0.0"
          }
        },
        "wrappy": {
          "version": "1.0.2",
          "bundled": true
        }
      }
    },
    "prettier": {
      "version": "1.18.2",
      "dev": true
    },
    "snekfetch": {
      "version": "4.0.4"
    }
  }
}
